
Microsoft Visual Studio Solution File, Format Version 12.00
# Visual Studio Version 17
VisualStudioVersion = 17.13.35919.96
MinimumVisualStudioVersion = 10.0.40219.1
Project("{FAE04EC0-301F-11D3-BF4B-00C04F79EFBC}") = "TechLekh.Web", "TechLekh.Web\TechLekh.Web.csproj", "{99BC9CC4-2EB5-42BB-B528-39BBEE198A81}"
EndProject
Project("{FAE04EC0-301F-11D3-BF4B-00C04F79EFBC}") = "TechLekh.Core", "TechLekh.Core\TechLekh.Core.csproj", "{FC780D34-BB47-4812-A16D-0EB8B24DECA8}"
EndProject
Project("{FAE04EC0-301F-11D3-BF4B-00C04F79EFBC}") = "TechLekh.Application", "TechLekh.Application\TechLekh.Application.csproj", "{85F09937-87FF-4004-A14D-F7CBF6042D80}"
EndProject
Project("{FAE04EC0-301F-11D3-BF4B-00C04F79EFBC}") = "TechLekh.Infra", "TechLekh.Infra\TechLekh.Infra.csproj", "{62879346-8877-4AA6-8CFD-10FC7E3B7992}"
EndProject
Global
	GlobalSection(SolutionConfigurationPlatforms) = preSolution
		Debug|Any CPU = Debug|Any CPU
		Release|Any CPU = Release|Any CPU
	EndGlobalSection
	GlobalSection(ProjectConfigurationPlatforms) = postSolution
		{99BC9CC4-2EB5-42BB-B528-39BBEE198A81}.Debug|Any CPU.ActiveCfg = Debug|Any CPU
		{99BC9CC4-2EB5-42BB-B528-39BBEE198A81}.Debug|Any CPU.Build.0 = Debug|Any CPU
		{99BC9CC4-2EB5-42BB-B528-39BBEE198A81}.Release|Any CPU.ActiveCfg = Release|Any CPU
		{99BC9CC4-2EB5-42BB-B528-39BBEE198A81}.Release|Any CPU.Build.0 = Release|Any CPU
		{FC780D34-BB47-4812-A16D-0EB8B24DECA8}.Debug|Any CPU.ActiveCfg = Debug|Any CPU
		{FC780D34-BB47-4812-A16D-0EB8B24DECA8}.Debug|Any CPU.Build.0 = Debug|Any CPU
		{FC780D34-BB47-4812-A16D-0EB8B24DECA8}.Release|Any CPU.ActiveCfg = Release|Any CPU
		{FC780D34-BB47-4812-A16D-0EB8B24DECA8}.Release|Any CPU.Build.0 = Release|Any CPU
		{85F09937-87FF-4004-A14D-F7CBF6042D80}.Debug|Any CPU.ActiveCfg = Debug|Any CPU
		{85F09937-87FF-4004-A14D-F7CBF6042D80}.Debug|Any CPU.Build.0 = Debug|Any CPU
		{85F09937-87FF-4004-A14D-F7CBF6042D80}.Release|Any CPU.ActiveCfg = Release|Any CPU
		{85F09937-87FF-4004-A14D-F7CBF6042D80}.Release|Any CPU.Build.0 = Release|Any CPU
		{62879346-8877-4AA6-8CFD-10FC7E3B7992}.Debug|Any CPU.ActiveCfg = Debug|Any CPU
		{62879346-8877-4AA6-8CFD-10FC7E3B7992}.Debug|Any CPU.Build.0 = Debug|Any CPU
		{62879346-8877-4AA6-8CFD-10FC7E3B7992}.Release|Any CPU.ActiveCfg = Release|Any CPU
		{62879346-8877-4AA6-8CFD-10FC7E3B7992}.Release|Any CPU.Build.0 = Release|Any CPU
	EndGlobalSection
	GlobalSection(SolutionProperties) = preSolution
		HideSolutionNode = FALSE
	EndGlobalSection
	GlobalSection(ExtensibilityGlobals) = postSolution
		SolutionGuid = {9E2718CA-B42F-47CD-A348-C3A9F5D6C64F}
	EndGlobalSection
EndGlobal
